
Microsoft Visual Studio Solution File, Format Version 12.00
# Visual Studio Version 17
VisualStudioVersion = 17.5.33502.453
MinimumVisualStudioVersion = 10.0.40219.1
Project("{FAE04EC0-301F-11D3-BF4B-00C04F79EFBC}") = "PackageDelivery", "PackageDelivery\PackageDelivery.csproj", "{E4ED048A-C20C-4A41-B1F4-55B6F9B857CC}"
EndProject
Global
	GlobalSection(SolutionConfigurationPlatforms) = preSolution
		Debug|Any CPU = Debug|Any CPU
		Release|Any CPU = Release|Any CPU
	EndGlobalSection
	GlobalSection(ProjectConfigurationPlatforms) = postSolution
		{E4ED048A-C20C-4A41-B1F4-55B6F9B857CC}.Debug|Any CPU.ActiveCfg = Debug|Any CPU
		{E4ED048A-C20C-4A41-B1F4-55B6F9B857CC}.Debug|Any CPU.Build.0 = Debug|Any CPU
		{E4ED048A-C20C-4A41-B1F4-55B6F9B857CC}.Release|Any CPU.ActiveCfg = Release|Any CPU
		{E4ED048A-C20C-4A41-B1F4-55B6F9B857CC}.Release|Any CPU.Build.0 = Release|Any CPU
	EndGlobalSection
	GlobalSection(SolutionProperties) = preSolution
		HideSolutionNode = FALSE
	EndGlobalSection
	GlobalSection(ExtensibilityGlobals) = postSolution
		SolutionGuid = {79919254-1AFD-43F8-9173-075729DA7B8F}
	EndGlobalSection
EndGlobal
